
Microsoft Visual Studio Solution File, Format Version 12.00
# Visual Studio Version 16
VisualStudioVersion = 16.0.33214.272
MinimumVisualStudioVersion = 10.0.40219.1
Project("{2150E333-8FDC-42A3-9474-1A3956D46DE8}") = "Threads", "Threads", "{1717B404-3CFC-493C-A8BB-C7CD9801B496}"
EndProject
Project("{FAE04EC0-301F-11D3-BF4B-00C04F79EFBC}") = "001_Threads", "001_Threads\001_Threads.csproj", "{D996D53D-CB1D-4404-A45B-8A459C92E76D}"
EndProject
Project("{FAE04EC0-301F-11D3-BF4B-00C04F79EFBC}") = "002_Threads", "002_Threads\002_Threads.csproj", "{95A793A0-3F24-49AC-971F-CAB172C396A7}"
EndProject
Project("{FAE04EC0-301F-11D3-BF4B-00C04F79EFBC}") = "003_Threads", "003_Threads\003_Threads.csproj", "{8F51BAF9-846F-4773-9412-87F480D48F14}"
EndProject
Project("{FAE04EC0-301F-11D3-BF4B-00C04F79EFBC}") = "004_Threads", "004_Threads\004_Threads.csproj", "{1D0C8541-19B9-467C-9121-7DD8BA4BCF4D}"
EndProject
Project("{FAE04EC0-301F-11D3-BF4B-00C04F79EFBC}") = "005_Threads", "005_Threads\005_Threads.csproj", "{657682D8-E51C-4EF8-9A1C-0D86381E332B}"
EndProject
Project("{FAE04EC0-301F-11D3-BF4B-00C04F79EFBC}") = "006_Threads", "006_Threads\006_Threads.csproj", "{B4CDD04D-CFFF-455A-B733-DD300D8FB39E}"
EndProject
Project("{FAE04EC0-301F-11D3-BF4B-00C04F79EFBC}") = "007_CriticalSection", "007_CriticalSection\007_CriticalSection.csproj", "{57C4EDA5-528D-44EF-95E2-A924399FB136}"
EndProject
Project("{2150E333-8FDC-42A3-9474-1A3956D46DE8}") = "CriticalSection", "CriticalSection", "{EBA716E9-1717-4D61-A8C0-D50C29059895}"
EndProject
Project("{FAE04EC0-301F-11D3-BF4B-00C04F79EFBC}") = "008_CriticalSection", "008_CriticalSection\008_CriticalSection.csproj", "{3A57B208-BA06-448D-BAF6-75EC725780D8}"
EndProject
Project("{FAE04EC0-301F-11D3-BF4B-00C04F79EFBC}") = "009_CriticalSection", "009_CriticalSection\009_CriticalSection.csproj", "{87BFC026-BEB8-483A-B2BA-6D8224914F0E}"
EndProject
Global
	GlobalSection(SolutionConfigurationPlatforms) = preSolution
		Debug|Any CPU = Debug|Any CPU
		Release|Any CPU = Release|Any CPU
	EndGlobalSection
	GlobalSection(ProjectConfigurationPlatforms) = postSolution
		{D996D53D-CB1D-4404-A45B-8A459C92E76D}.Debug|Any CPU.ActiveCfg = Debug|Any CPU
		{D996D53D-CB1D-4404-A45B-8A459C92E76D}.Debug|Any CPU.Build.0 = Debug|Any CPU
		{D996D53D-CB1D-4404-A45B-8A459C92E76D}.Release|Any CPU.ActiveCfg = Release|Any CPU
		{D996D53D-CB1D-4404-A45B-8A459C92E76D}.Release|Any CPU.Build.0 = Release|Any CPU
		{95A793A0-3F24-49AC-971F-CAB172C396A7}.Debug|Any CPU.ActiveCfg = Debug|Any CPU
		{95A793A0-3F24-49AC-971F-CAB172C396A7}.Debug|Any CPU.Build.0 = Debug|Any CPU
		{95A793A0-3F24-49AC-971F-CAB172C396A7}.Release|Any CPU.ActiveCfg = Release|Any CPU
		{95A793A0-3F24-49AC-971F-CAB172C396A7}.Release|Any CPU.Build.0 = Release|Any CPU
		{8F51BAF9-846F-4773-9412-87F480D48F14}.Debug|Any CPU.ActiveCfg = Debug|Any CPU
		{8F51BAF9-846F-4773-9412-87F480D48F14}.Debug|Any CPU.Build.0 = Debug|Any CPU
		{8F51BAF9-846F-4773-9412-87F480D48F14}.Release|Any CPU.ActiveCfg = Release|Any CPU
		{8F51BAF9-846F-4773-9412-87F480D48F14}.Release|Any CPU.Build.0 = Release|Any CPU
		{1D0C8541-19B9-467C-9121-7DD8BA4BCF4D}.Debug|Any CPU.ActiveCfg = Debug|Any CPU
		{1D0C8541-19B9-467C-9121-7DD8BA4BCF4D}.Debug|Any CPU.Build.0 = Debug|Any CPU
		{1D0C8541-19B9-467C-9121-7DD8BA4BCF4D}.Release|Any CPU.ActiveCfg = Release|Any CPU
		{1D0C8541-19B9-467C-9121-7DD8BA4BCF4D}.Release|Any CPU.Build.0 = Release|Any CPU
		{657682D8-E51C-4EF8-9A1C-0D86381E332B}.Debug|Any CPU.ActiveCfg = Debug|Any CPU
		{657682D8-E51C-4EF8-9A1C-0D86381E332B}.Debug|Any CPU.Build.0 = Debug|Any CPU
		{657682D8-E51C-4EF8-9A1C-0D86381E332B}.Release|Any CPU.ActiveCfg = Release|Any CPU
		{657682D8-E51C-4EF8-9A1C-0D86381E332B}.Release|Any CPU.Build.0 = Release|Any CPU
		{B4CDD04D-CFFF-455A-B733-DD300D8FB39E}.Debug|Any CPU.ActiveCfg = Debug|Any CPU
		{B4CDD04D-CFFF-455A-B733-DD300D8FB39E}.Debug|Any CPU.Build.0 = Debug|Any CPU
		{B4CDD04D-CFFF-455A-B733-DD300D8FB39E}.Release|Any CPU.ActiveCfg = Release|Any CPU
		{B4CDD04D-CFFF-455A-B733-DD300D8FB39E}.Release|Any CPU.Build.0 = Release|Any CPU
		{57C4EDA5-528D-44EF-95E2-A924399FB136}.Debug|Any CPU.ActiveCfg = Debug|Any CPU
		{57C4EDA5-528D-44EF-95E2-A924399FB136}.Debug|Any CPU.Build.0 = Debug|Any CPU
		{57C4EDA5-528D-44EF-95E2-A924399FB136}.Release|Any CPU.ActiveCfg = Release|Any CPU
		{57C4EDA5-528D-44EF-95E2-A924399FB136}.Release|Any CPU.Build.0 = Release|Any CPU
		{3A57B208-BA06-448D-BAF6-75EC725780D8}.Debug|Any CPU.ActiveCfg = Debug|Any CPU
		{3A57B208-BA06-448D-BAF6-75EC725780D8}.Debug|Any CPU.Build.0 = Debug|Any CPU
		{3A57B208-BA06-448D-BAF6-75EC725780D8}.Release|Any CPU.ActiveCfg = Release|Any CPU
		{3A57B208-BA06-448D-BAF6-75EC725780D8}.Release|Any CPU.Build.0 = Release|Any CPU
		{87BFC026-BEB8-483A-B2BA-6D8224914F0E}.Debug|Any CPU.ActiveCfg = Debug|Any CPU
		{87BFC026-BEB8-483A-B2BA-6D8224914F0E}.Debug|Any CPU.Build.0 = Debug|Any CPU
		{87BFC026-BEB8-483A-B2BA-6D8224914F0E}.Release|Any CPU.ActiveCfg = Release|Any CPU
		{87BFC026-BEB8-483A-B2BA-6D8224914F0E}.Release|Any CPU.Build.0 = Release|Any CPU
	EndGlobalSection
	GlobalSection(SolutionProperties) = preSolution
		HideSolutionNode = FALSE
	EndGlobalSection
	GlobalSection(NestedProjects) = preSolution
		{D996D53D-CB1D-4404-A45B-8A459C92E76D} = {1717B404-3CFC-493C-A8BB-C7CD9801B496}
		{95A793A0-3F24-49AC-971F-CAB172C396A7} = {1717B404-3CFC-493C-A8BB-C7CD9801B496}
		{8F51BAF9-846F-4773-9412-87F480D48F14} = {1717B404-3CFC-493C-A8BB-C7CD9801B496}
		{1D0C8541-19B9-467C-9121-7DD8BA4BCF4D} = {1717B404-3CFC-493C-A8BB-C7CD9801B496}
		{657682D8-E51C-4EF8-9A1C-0D86381E332B} = {1717B404-3CFC-493C-A8BB-C7CD9801B496}
		{B4CDD04D-CFFF-455A-B733-DD300D8FB39E} = {1717B404-3CFC-493C-A8BB-C7CD9801B496}
		{57C4EDA5-528D-44EF-95E2-A924399FB136} = {EBA716E9-1717-4D61-A8C0-D50C29059895}
		{3A57B208-BA06-448D-BAF6-75EC725780D8} = {EBA716E9-1717-4D61-A8C0-D50C29059895}
		{87BFC026-BEB8-483A-B2BA-6D8224914F0E} = {EBA716E9-1717-4D61-A8C0-D50C29059895}
	EndGlobalSection
	GlobalSection(ExtensibilityGlobals) = postSolution
		SolutionGuid = {96D8CE89-16D4-4E0C-9682-8DC2F20D1830}
	EndGlobalSection
EndGlobal
