
Microsoft Visual Studio Solution File, Format Version 12.00
# Visual Studio Version 17
VisualStudioVersion = 17.5.33424.131
MinimumVisualStudioVersion = 10.0.40219.1
Project("{2150E333-8FDC-42A3-9474-1A3956D46DE8}") = "Boxing", "Boxing", "{E0BAAF85-5D96-4DF7-A62B-B392ED237E1F}"
EndProject
Project("{FAE04EC0-301F-11D3-BF4B-00C04F79EFBC}") = "001_Boxing", "001_Boxing\001_Boxing.csproj", "{0B5E19C9-D901-42A8-B1C7-9D20231B22D3}"
EndProject
Project("{FAE04EC0-301F-11D3-BF4B-00C04F79EFBC}") = "002_Boxing", "002_Boxing\002_Boxing.csproj", "{8292868C-D76C-4433-97E9-CD4319B0A095}"
EndProject
Project("{FAE04EC0-301F-11D3-BF4B-00C04F79EFBC}") = "003_Covariant", "003_Covariant\003_Covariant.csproj", "{E464346F-06A6-40C3-BC7E-A256BD589043}"
EndProject
Project("{FAE04EC0-301F-11D3-BF4B-00C04F79EFBC}") = "004_Covariant", "004_Covariant\004_Covariant.csproj", "{D86260CD-B5B2-4896-96FB-57752A0DD58E}"
EndProject
Project("{2150E333-8FDC-42A3-9474-1A3956D46DE8}") = "Covariant", "Covariant", "{A03A6EC5-AA49-4EEC-A067-731AAE844A17}"
EndProject
Project("{2150E333-8FDC-42A3-9474-1A3956D46DE8}") = "Enum", "Enum", "{E75ECA4D-AAB5-4A2B-B75F-8B7967E4273A}"
EndProject
Project("{FAE04EC0-301F-11D3-BF4B-00C04F79EFBC}") = "005_Enum", "001_Enum\005_Enum.csproj", "{D5B3665C-2621-4FB7-B4D1-F41B25D76824}"
EndProject
Project("{FAE04EC0-301F-11D3-BF4B-00C04F79EFBC}") = "006_Enum", "002_Enum\006_Enum.csproj", "{7F1DD551-D8E8-4591-86DA-FFA91FD6A09B}"
EndProject
Project("{FAE04EC0-301F-11D3-BF4B-00C04F79EFBC}") = "007_Enum", "003_Enum\007_Enum.csproj", "{F512A0ED-D997-436A-B1AB-46757326D7D5}"
EndProject
Project("{FAE04EC0-301F-11D3-BF4B-00C04F79EFBC}") = "008_Enum", "004_Enum\008_Enum.csproj", "{E574C5E1-C871-4D14-9DED-5F3551369DB8}"
EndProject
Project("{FAE04EC0-301F-11D3-BF4B-00C04F79EFBC}") = "009_Enum", "005_Enum\009_Enum.csproj", "{91680E65-2EDF-4DF3-853E-DE9C85D0A74F}"
EndProject
Project("{FAE04EC0-301F-11D3-BF4B-00C04F79EFBC}") = "010_Enum", "006_Enum\010_Enum.csproj", "{A8355151-21D2-4C9F-BC60-9F5B6987DF2B}"
EndProject
Project("{FAE04EC0-301F-11D3-BF4B-00C04F79EFBC}") = "011_Enum", "011_Enum\011_Enum.csproj", "{16778167-F982-4166-9C91-8262841E907D}"
EndProject
Global
	GlobalSection(SolutionConfigurationPlatforms) = preSolution
		Debug|Any CPU = Debug|Any CPU
		Release|Any CPU = Release|Any CPU
	EndGlobalSection
	GlobalSection(ProjectConfigurationPlatforms) = postSolution
		{0B5E19C9-D901-42A8-B1C7-9D20231B22D3}.Debug|Any CPU.ActiveCfg = Debug|Any CPU
		{0B5E19C9-D901-42A8-B1C7-9D20231B22D3}.Debug|Any CPU.Build.0 = Debug|Any CPU
		{0B5E19C9-D901-42A8-B1C7-9D20231B22D3}.Release|Any CPU.ActiveCfg = Release|Any CPU
		{0B5E19C9-D901-42A8-B1C7-9D20231B22D3}.Release|Any CPU.Build.0 = Release|Any CPU
		{8292868C-D76C-4433-97E9-CD4319B0A095}.Debug|Any CPU.ActiveCfg = Debug|Any CPU
		{8292868C-D76C-4433-97E9-CD4319B0A095}.Debug|Any CPU.Build.0 = Debug|Any CPU
		{8292868C-D76C-4433-97E9-CD4319B0A095}.Release|Any CPU.ActiveCfg = Release|Any CPU
		{8292868C-D76C-4433-97E9-CD4319B0A095}.Release|Any CPU.Build.0 = Release|Any CPU
		{E464346F-06A6-40C3-BC7E-A256BD589043}.Debug|Any CPU.ActiveCfg = Debug|Any CPU
		{E464346F-06A6-40C3-BC7E-A256BD589043}.Debug|Any CPU.Build.0 = Debug|Any CPU
		{E464346F-06A6-40C3-BC7E-A256BD589043}.Release|Any CPU.ActiveCfg = Release|Any CPU
		{E464346F-06A6-40C3-BC7E-A256BD589043}.Release|Any CPU.Build.0 = Release|Any CPU
		{D86260CD-B5B2-4896-96FB-57752A0DD58E}.Debug|Any CPU.ActiveCfg = Debug|Any CPU
		{D86260CD-B5B2-4896-96FB-57752A0DD58E}.Debug|Any CPU.Build.0 = Debug|Any CPU
		{D86260CD-B5B2-4896-96FB-57752A0DD58E}.Release|Any CPU.ActiveCfg = Release|Any CPU
		{D86260CD-B5B2-4896-96FB-57752A0DD58E}.Release|Any CPU.Build.0 = Release|Any CPU
		{D5B3665C-2621-4FB7-B4D1-F41B25D76824}.Debug|Any CPU.ActiveCfg = Debug|Any CPU
		{D5B3665C-2621-4FB7-B4D1-F41B25D76824}.Debug|Any CPU.Build.0 = Debug|Any CPU
		{D5B3665C-2621-4FB7-B4D1-F41B25D76824}.Release|Any CPU.ActiveCfg = Release|Any CPU
		{D5B3665C-2621-4FB7-B4D1-F41B25D76824}.Release|Any CPU.Build.0 = Release|Any CPU
		{7F1DD551-D8E8-4591-86DA-FFA91FD6A09B}.Debug|Any CPU.ActiveCfg = Debug|Any CPU
		{7F1DD551-D8E8-4591-86DA-FFA91FD6A09B}.Debug|Any CPU.Build.0 = Debug|Any CPU
		{7F1DD551-D8E8-4591-86DA-FFA91FD6A09B}.Release|Any CPU.ActiveCfg = Release|Any CPU
		{7F1DD551-D8E8-4591-86DA-FFA91FD6A09B}.Release|Any CPU.Build.0 = Release|Any CPU
		{F512A0ED-D997-436A-B1AB-46757326D7D5}.Debug|Any CPU.ActiveCfg = Debug|Any CPU
		{F512A0ED-D997-436A-B1AB-46757326D7D5}.Debug|Any CPU.Build.0 = Debug|Any CPU
		{F512A0ED-D997-436A-B1AB-46757326D7D5}.Release|Any CPU.ActiveCfg = Release|Any CPU
		{F512A0ED-D997-436A-B1AB-46757326D7D5}.Release|Any CPU.Build.0 = Release|Any CPU
		{E574C5E1-C871-4D14-9DED-5F3551369DB8}.Debug|Any CPU.ActiveCfg = Debug|Any CPU
		{E574C5E1-C871-4D14-9DED-5F3551369DB8}.Debug|Any CPU.Build.0 = Debug|Any CPU
		{E574C5E1-C871-4D14-9DED-5F3551369DB8}.Release|Any CPU.ActiveCfg = Release|Any CPU
		{E574C5E1-C871-4D14-9DED-5F3551369DB8}.Release|Any CPU.Build.0 = Release|Any CPU
		{91680E65-2EDF-4DF3-853E-DE9C85D0A74F}.Debug|Any CPU.ActiveCfg = Debug|Any CPU
		{91680E65-2EDF-4DF3-853E-DE9C85D0A74F}.Debug|Any CPU.Build.0 = Debug|Any CPU
		{91680E65-2EDF-4DF3-853E-DE9C85D0A74F}.Release|Any CPU.ActiveCfg = Release|Any CPU
		{91680E65-2EDF-4DF3-853E-DE9C85D0A74F}.Release|Any CPU.Build.0 = Release|Any CPU
		{A8355151-21D2-4C9F-BC60-9F5B6987DF2B}.Debug|Any CPU.ActiveCfg = Debug|Any CPU
		{A8355151-21D2-4C9F-BC60-9F5B6987DF2B}.Debug|Any CPU.Build.0 = Debug|Any CPU
		{A8355151-21D2-4C9F-BC60-9F5B6987DF2B}.Release|Any CPU.ActiveCfg = Release|Any CPU
		{A8355151-21D2-4C9F-BC60-9F5B6987DF2B}.Release|Any CPU.Build.0 = Release|Any CPU
		{16778167-F982-4166-9C91-8262841E907D}.Debug|Any CPU.ActiveCfg = Debug|Any CPU
		{16778167-F982-4166-9C91-8262841E907D}.Debug|Any CPU.Build.0 = Debug|Any CPU
		{16778167-F982-4166-9C91-8262841E907D}.Release|Any CPU.ActiveCfg = Release|Any CPU
		{16778167-F982-4166-9C91-8262841E907D}.Release|Any CPU.Build.0 = Release|Any CPU
	EndGlobalSection
	GlobalSection(SolutionProperties) = preSolution
		HideSolutionNode = FALSE
	EndGlobalSection
	GlobalSection(NestedProjects) = preSolution
		{0B5E19C9-D901-42A8-B1C7-9D20231B22D3} = {E0BAAF85-5D96-4DF7-A62B-B392ED237E1F}
		{8292868C-D76C-4433-97E9-CD4319B0A095} = {E0BAAF85-5D96-4DF7-A62B-B392ED237E1F}
		{E464346F-06A6-40C3-BC7E-A256BD589043} = {A03A6EC5-AA49-4EEC-A067-731AAE844A17}
		{D86260CD-B5B2-4896-96FB-57752A0DD58E} = {A03A6EC5-AA49-4EEC-A067-731AAE844A17}
		{D5B3665C-2621-4FB7-B4D1-F41B25D76824} = {E75ECA4D-AAB5-4A2B-B75F-8B7967E4273A}
		{7F1DD551-D8E8-4591-86DA-FFA91FD6A09B} = {E75ECA4D-AAB5-4A2B-B75F-8B7967E4273A}
		{F512A0ED-D997-436A-B1AB-46757326D7D5} = {E75ECA4D-AAB5-4A2B-B75F-8B7967E4273A}
		{E574C5E1-C871-4D14-9DED-5F3551369DB8} = {E75ECA4D-AAB5-4A2B-B75F-8B7967E4273A}
		{91680E65-2EDF-4DF3-853E-DE9C85D0A74F} = {E75ECA4D-AAB5-4A2B-B75F-8B7967E4273A}
		{A8355151-21D2-4C9F-BC60-9F5B6987DF2B} = {E75ECA4D-AAB5-4A2B-B75F-8B7967E4273A}
		{16778167-F982-4166-9C91-8262841E907D} = {E75ECA4D-AAB5-4A2B-B75F-8B7967E4273A}
	EndGlobalSection
	GlobalSection(ExtensibilityGlobals) = postSolution
		SolutionGuid = {96D8CE89-16D4-4E0C-9682-8DC2F20D1830}
	EndGlobalSection
EndGlobal
