
Microsoft Visual Studio Solution File, Format Version 12.00
# Visual Studio Version 17
VisualStudioVersion = 17.5.33424.131
MinimumVisualStudioVersion = 10.0.40219.1
Project("{2150E333-8FDC-42A3-9474-1A3956D46DE8}") = "Abstract_Interfaces", "Abstract_Interfaces", "{A423884B-45E0-4992-A1B1-B85DE2D595F1}"
EndProject
Project("{9A19103F-16F7-4668-BE54-9A1E7A4F7556}") = "Interfaces_Practice", "Interfaces_Practice\Interfaces_Practice.csproj", "{5ECFC718-9CDC-4CDF-95F4-D9A0D3D3DFF2}"
EndProject
Project("{9A19103F-16F7-4668-BE54-9A1E7A4F7556}") = "016_Interfaces", "016_Interfaces\016_Interfaces.csproj", "{DA5003CC-1323-4AA2-AD64-A6E20C261DFA}"
EndProject
Project("{9A19103F-16F7-4668-BE54-9A1E7A4F7556}") = "015_Interfaces", "015_Interfaces\015_Interfaces.csproj", "{D42B8A47-E237-445D-8D76-AA974D89C7E2}"
EndProject
Project("{9A19103F-16F7-4668-BE54-9A1E7A4F7556}") = "014_Interfaces", "014_Interfaces\014_Interfaces.csproj", "{D115B099-4C78-402B-9F0D-4B696EBB6A53}"
EndProject
Project("{9A19103F-16F7-4668-BE54-9A1E7A4F7556}") = "013_Interfaces", "013_Interfaces\013_Interfaces.csproj", "{05CD58E1-D4BE-45B3-9929-E93662BDE7F9}"
EndProject
Project("{9A19103F-16F7-4668-BE54-9A1E7A4F7556}") = "012_Interfaces", "012_Interfaces\012_Interfaces.csproj", "{0CC15C07-5233-4F28-BC9B-21D0E1A7CB9A}"
EndProject
Project("{9A19103F-16F7-4668-BE54-9A1E7A4F7556}") = "011_Interfaces", "011_Interfaces\011_Interfaces.csproj", "{AA59DA89-4391-4F34-A98E-3F3C36C582EB}"
EndProject
Project("{9A19103F-16F7-4668-BE54-9A1E7A4F7556}") = "010_Interfaces", "010_Interfaces\010_Interfaces.csproj", "{8DE42B10-86BD-4528-8C33-F3ABF6505EAE}"
EndProject
Project("{9A19103F-16F7-4668-BE54-9A1E7A4F7556}") = "009_Interfaces", "009_Interfaces\009_Interfaces.csproj", "{5ACA79FF-5151-40DE-BC77-E3CA576E7E40}"
EndProject
Project("{9A19103F-16F7-4668-BE54-9A1E7A4F7556}") = "008_Interfaces", "008_Interfaces\008_Interfaces.csproj", "{EB8906FB-3635-4B18-AB59-1AB6AE4CF1BB}"
EndProject
Project("{9A19103F-16F7-4668-BE54-9A1E7A4F7556}") = "007_Interfaces", "007_Interfaces\007_Interfaces.csproj", "{A5868477-8EDE-4442-BF52-E88CAE3C6482}"
EndProject
Project("{9A19103F-16F7-4668-BE54-9A1E7A4F7556}") = "006_Abstract", "006_Abstract\006_Abstract.csproj", "{2373F7BC-2EA3-405D-81BA-E0B5A4800C5D}"
EndProject
Project("{9A19103F-16F7-4668-BE54-9A1E7A4F7556}") = "005_Abstract", "005_Abstract\005_Abstract.csproj", "{BB59AA73-F5F7-457A-A179-F89ACE56D488}"
EndProject
Project("{9A19103F-16F7-4668-BE54-9A1E7A4F7556}") = "004_Abstract", "004_Abstract\004_Abstract.csproj", "{62E5D9A1-E85F-4ABA-9C53-6552DD145A05}"
EndProject
Project("{9A19103F-16F7-4668-BE54-9A1E7A4F7556}") = "003_Abstract", "003_Abstract\003_Abstract.csproj", "{C81630ED-8EC5-46FE-BFFE-62390EC3F034}"
EndProject
Project("{9A19103F-16F7-4668-BE54-9A1E7A4F7556}") = "002_Abstract", "002_Abstract\002_Abstract.csproj", "{7209457C-9A57-4C6D-AD2A-16948D8A16DC}"
EndProject
Global
	GlobalSection(SolutionConfigurationPlatforms) = preSolution
		Debug|Any CPU = Debug|Any CPU
		Release|Any CPU = Release|Any CPU
	EndGlobalSection
	GlobalSection(ProjectConfigurationPlatforms) = postSolution
		{5ECFC718-9CDC-4CDF-95F4-D9A0D3D3DFF2}.Debug|Any CPU.ActiveCfg = Debug|Any CPU
		{5ECFC718-9CDC-4CDF-95F4-D9A0D3D3DFF2}.Debug|Any CPU.Build.0 = Debug|Any CPU
		{5ECFC718-9CDC-4CDF-95F4-D9A0D3D3DFF2}.Release|Any CPU.ActiveCfg = Release|Any CPU
		{5ECFC718-9CDC-4CDF-95F4-D9A0D3D3DFF2}.Release|Any CPU.Build.0 = Release|Any CPU
		{DA5003CC-1323-4AA2-AD64-A6E20C261DFA}.Debug|Any CPU.ActiveCfg = Debug|Any CPU
		{DA5003CC-1323-4AA2-AD64-A6E20C261DFA}.Debug|Any CPU.Build.0 = Debug|Any CPU
		{DA5003CC-1323-4AA2-AD64-A6E20C261DFA}.Release|Any CPU.ActiveCfg = Release|Any CPU
		{DA5003CC-1323-4AA2-AD64-A6E20C261DFA}.Release|Any CPU.Build.0 = Release|Any CPU
		{D42B8A47-E237-445D-8D76-AA974D89C7E2}.Debug|Any CPU.ActiveCfg = Debug|Any CPU
		{D42B8A47-E237-445D-8D76-AA974D89C7E2}.Debug|Any CPU.Build.0 = Debug|Any CPU
		{D42B8A47-E237-445D-8D76-AA974D89C7E2}.Release|Any CPU.ActiveCfg = Release|Any CPU
		{D42B8A47-E237-445D-8D76-AA974D89C7E2}.Release|Any CPU.Build.0 = Release|Any CPU
		{D115B099-4C78-402B-9F0D-4B696EBB6A53}.Debug|Any CPU.ActiveCfg = Debug|Any CPU
		{D115B099-4C78-402B-9F0D-4B696EBB6A53}.Debug|Any CPU.Build.0 = Debug|Any CPU
		{D115B099-4C78-402B-9F0D-4B696EBB6A53}.Release|Any CPU.ActiveCfg = Release|Any CPU
		{D115B099-4C78-402B-9F0D-4B696EBB6A53}.Release|Any CPU.Build.0 = Release|Any CPU
		{05CD58E1-D4BE-45B3-9929-E93662BDE7F9}.Debug|Any CPU.ActiveCfg = Debug|Any CPU
		{05CD58E1-D4BE-45B3-9929-E93662BDE7F9}.Debug|Any CPU.Build.0 = Debug|Any CPU
		{05CD58E1-D4BE-45B3-9929-E93662BDE7F9}.Release|Any CPU.ActiveCfg = Release|Any CPU
		{05CD58E1-D4BE-45B3-9929-E93662BDE7F9}.Release|Any CPU.Build.0 = Release|Any CPU
		{0CC15C07-5233-4F28-BC9B-21D0E1A7CB9A}.Debug|Any CPU.ActiveCfg = Debug|Any CPU
		{0CC15C07-5233-4F28-BC9B-21D0E1A7CB9A}.Debug|Any CPU.Build.0 = Debug|Any CPU
		{0CC15C07-5233-4F28-BC9B-21D0E1A7CB9A}.Release|Any CPU.ActiveCfg = Release|Any CPU
		{0CC15C07-5233-4F28-BC9B-21D0E1A7CB9A}.Release|Any CPU.Build.0 = Release|Any CPU
		{AA59DA89-4391-4F34-A98E-3F3C36C582EB}.Debug|Any CPU.ActiveCfg = Debug|Any CPU
		{AA59DA89-4391-4F34-A98E-3F3C36C582EB}.Debug|Any CPU.Build.0 = Debug|Any CPU
		{AA59DA89-4391-4F34-A98E-3F3C36C582EB}.Release|Any CPU.ActiveCfg = Release|Any CPU
		{AA59DA89-4391-4F34-A98E-3F3C36C582EB}.Release|Any CPU.Build.0 = Release|Any CPU
		{8DE42B10-86BD-4528-8C33-F3ABF6505EAE}.Debug|Any CPU.ActiveCfg = Debug|Any CPU
		{8DE42B10-86BD-4528-8C33-F3ABF6505EAE}.Debug|Any CPU.Build.0 = Debug|Any CPU
		{8DE42B10-86BD-4528-8C33-F3ABF6505EAE}.Release|Any CPU.ActiveCfg = Release|Any CPU
		{8DE42B10-86BD-4528-8C33-F3ABF6505EAE}.Release|Any CPU.Build.0 = Release|Any CPU
		{5ACA79FF-5151-40DE-BC77-E3CA576E7E40}.Debug|Any CPU.ActiveCfg = Debug|Any CPU
		{5ACA79FF-5151-40DE-BC77-E3CA576E7E40}.Debug|Any CPU.Build.0 = Debug|Any CPU
		{5ACA79FF-5151-40DE-BC77-E3CA576E7E40}.Release|Any CPU.ActiveCfg = Release|Any CPU
		{5ACA79FF-5151-40DE-BC77-E3CA576E7E40}.Release|Any CPU.Build.0 = Release|Any CPU
		{EB8906FB-3635-4B18-AB59-1AB6AE4CF1BB}.Debug|Any CPU.ActiveCfg = Debug|Any CPU
		{EB8906FB-3635-4B18-AB59-1AB6AE4CF1BB}.Debug|Any CPU.Build.0 = Debug|Any CPU
		{EB8906FB-3635-4B18-AB59-1AB6AE4CF1BB}.Release|Any CPU.ActiveCfg = Release|Any CPU
		{EB8906FB-3635-4B18-AB59-1AB6AE4CF1BB}.Release|Any CPU.Build.0 = Release|Any CPU
		{A5868477-8EDE-4442-BF52-E88CAE3C6482}.Debug|Any CPU.ActiveCfg = Debug|Any CPU
		{A5868477-8EDE-4442-BF52-E88CAE3C6482}.Debug|Any CPU.Build.0 = Debug|Any CPU
		{A5868477-8EDE-4442-BF52-E88CAE3C6482}.Release|Any CPU.ActiveCfg = Release|Any CPU
		{A5868477-8EDE-4442-BF52-E88CAE3C6482}.Release|Any CPU.Build.0 = Release|Any CPU
		{2373F7BC-2EA3-405D-81BA-E0B5A4800C5D}.Debug|Any CPU.ActiveCfg = Debug|Any CPU
		{2373F7BC-2EA3-405D-81BA-E0B5A4800C5D}.Debug|Any CPU.Build.0 = Debug|Any CPU
		{2373F7BC-2EA3-405D-81BA-E0B5A4800C5D}.Release|Any CPU.ActiveCfg = Release|Any CPU
		{2373F7BC-2EA3-405D-81BA-E0B5A4800C5D}.Release|Any CPU.Build.0 = Release|Any CPU
		{BB59AA73-F5F7-457A-A179-F89ACE56D488}.Debug|Any CPU.ActiveCfg = Debug|Any CPU
		{BB59AA73-F5F7-457A-A179-F89ACE56D488}.Debug|Any CPU.Build.0 = Debug|Any CPU
		{BB59AA73-F5F7-457A-A179-F89ACE56D488}.Release|Any CPU.ActiveCfg = Release|Any CPU
		{BB59AA73-F5F7-457A-A179-F89ACE56D488}.Release|Any CPU.Build.0 = Release|Any CPU
		{62E5D9A1-E85F-4ABA-9C53-6552DD145A05}.Debug|Any CPU.ActiveCfg = Debug|Any CPU
		{62E5D9A1-E85F-4ABA-9C53-6552DD145A05}.Debug|Any CPU.Build.0 = Debug|Any CPU
		{62E5D9A1-E85F-4ABA-9C53-6552DD145A05}.Release|Any CPU.ActiveCfg = Release|Any CPU
		{62E5D9A1-E85F-4ABA-9C53-6552DD145A05}.Release|Any CPU.Build.0 = Release|Any CPU
		{C81630ED-8EC5-46FE-BFFE-62390EC3F034}.Debug|Any CPU.ActiveCfg = Debug|Any CPU
		{C81630ED-8EC5-46FE-BFFE-62390EC3F034}.Debug|Any CPU.Build.0 = Debug|Any CPU
		{C81630ED-8EC5-46FE-BFFE-62390EC3F034}.Release|Any CPU.ActiveCfg = Release|Any CPU
		{C81630ED-8EC5-46FE-BFFE-62390EC3F034}.Release|Any CPU.Build.0 = Release|Any CPU
		{7209457C-9A57-4C6D-AD2A-16948D8A16DC}.Debug|Any CPU.ActiveCfg = Debug|Any CPU
		{7209457C-9A57-4C6D-AD2A-16948D8A16DC}.Debug|Any CPU.Build.0 = Debug|Any CPU
		{7209457C-9A57-4C6D-AD2A-16948D8A16DC}.Release|Any CPU.ActiveCfg = Release|Any CPU
		{7209457C-9A57-4C6D-AD2A-16948D8A16DC}.Release|Any CPU.Build.0 = Release|Any CPU
	EndGlobalSection
	GlobalSection(SolutionProperties) = preSolution
		HideSolutionNode = FALSE
	EndGlobalSection
	GlobalSection(NestedProjects) = preSolution
		{5ECFC718-9CDC-4CDF-95F4-D9A0D3D3DFF2} = {A423884B-45E0-4992-A1B1-B85DE2D595F1}
		{DA5003CC-1323-4AA2-AD64-A6E20C261DFA} = {A423884B-45E0-4992-A1B1-B85DE2D595F1}
		{D42B8A47-E237-445D-8D76-AA974D89C7E2} = {A423884B-45E0-4992-A1B1-B85DE2D595F1}
		{D115B099-4C78-402B-9F0D-4B696EBB6A53} = {A423884B-45E0-4992-A1B1-B85DE2D595F1}
		{05CD58E1-D4BE-45B3-9929-E93662BDE7F9} = {A423884B-45E0-4992-A1B1-B85DE2D595F1}
		{0CC15C07-5233-4F28-BC9B-21D0E1A7CB9A} = {A423884B-45E0-4992-A1B1-B85DE2D595F1}
		{AA59DA89-4391-4F34-A98E-3F3C36C582EB} = {A423884B-45E0-4992-A1B1-B85DE2D595F1}
		{8DE42B10-86BD-4528-8C33-F3ABF6505EAE} = {A423884B-45E0-4992-A1B1-B85DE2D595F1}
		{5ACA79FF-5151-40DE-BC77-E3CA576E7E40} = {A423884B-45E0-4992-A1B1-B85DE2D595F1}
		{EB8906FB-3635-4B18-AB59-1AB6AE4CF1BB} = {A423884B-45E0-4992-A1B1-B85DE2D595F1}
		{A5868477-8EDE-4442-BF52-E88CAE3C6482} = {A423884B-45E0-4992-A1B1-B85DE2D595F1}
		{2373F7BC-2EA3-405D-81BA-E0B5A4800C5D} = {A423884B-45E0-4992-A1B1-B85DE2D595F1}
		{BB59AA73-F5F7-457A-A179-F89ACE56D488} = {A423884B-45E0-4992-A1B1-B85DE2D595F1}
		{62E5D9A1-E85F-4ABA-9C53-6552DD145A05} = {A423884B-45E0-4992-A1B1-B85DE2D595F1}
		{C81630ED-8EC5-46FE-BFFE-62390EC3F034} = {A423884B-45E0-4992-A1B1-B85DE2D595F1}
		{7209457C-9A57-4C6D-AD2A-16948D8A16DC} = {A423884B-45E0-4992-A1B1-B85DE2D595F1}
	EndGlobalSection
	GlobalSection(ExtensibilityGlobals) = postSolution
		SolutionGuid = {96D8CE89-16D4-4E0C-9682-8DC2F20D1830}
	EndGlobalSection
EndGlobal
